
Microsoft Visual Studio Solution File, Format Version 12.00
# Visual Studio Version 16
VisualStudioVersion = 16.0.31025.218
MinimumVisualStudioVersion = 10.0.40219.1
Project("{9A19103F-16F7-4668-BE54-9A1E7A4F7556}") = "Local.JS", "Local.JS\Local.JS.csproj", "{74B19C3B-8D25-401C-BF1D-22B812DD6A03}"
EndProject
Project("{9A19103F-16F7-4668-BE54-9A1E7A4F7556}") = "Local.JS.Extension.HttpServer", "Local.JS.Extension.HttpServer\Local.JS.Extension.HttpServer.csproj", "{AB7D1784-617A-43E7-852F-AD1B7407CA50}"
EndProject
Project("{9A19103F-16F7-4668-BE54-9A1E7A4F7556}") = "Local.JS.Extension.BatchedMultiTask", "Local.JS.Extension.BatchedMultiTask\Local.JS.Extension.BatchedMultiTask.csproj", "{9BB7E248-7298-420A-8DC4-F6667232C0CD}"
EndProject
Project("{9A19103F-16F7-4668-BE54-9A1E7A4F7556}") = "Local.JS.Extension.IndexedFile", "Local.JS.Extension.IndexedFile\Local.JS.Extension.IndexedFile.csproj", "{900EBFDF-E200-46DA-A61A-D9DA1E5E239E}"
EndProject
Project("{9A19103F-16F7-4668-BE54-9A1E7A4F7556}") = "Local.JS.Preprocessor", "Local.JS.Preprocessor\Local.JS.Preprocessor.csproj", "{01C1976D-9713-455A-B835-F96024CE9104}"
EndProject
Project("{2150E333-8FDC-42A3-9474-1A3956D46DE8}") = "Solution Items", "Solution Items", "{4DBD1B5B-98C7-4FB0-9FBB-FFC006606936}"
	ProjectSection(SolutionItems) = preProject
		README.md = README.md
	EndProjectSection
EndProject
Project("{2150E333-8FDC-42A3-9474-1A3956D46DE8}") = "Samples", "Samples", "{5630D4E4-1F1B-4454-BAD5-AECCF041659E}"
	ProjectSection(SolutionItems) = preProject
		Samples\SimpleWebServer.js = Samples\SimpleWebServer.js
	EndProjectSection
EndProject
Project("{FAE04EC0-301F-11D3-BF4B-00C04F79EFBC}") = "Local.JS.Extension.TerminalGUI", "Local.JS.Extension.TerminalGUI\Local.JS.Extension.TerminalGUI.csproj", "{7239A7EE-734E-4BE3-B9E5-25B98619650F}"
EndProject
Global
	GlobalSection(SolutionConfigurationPlatforms) = preSolution
		Debug|Any CPU = Debug|Any CPU
		Release|Any CPU = Release|Any CPU
	EndGlobalSection
	GlobalSection(ProjectConfigurationPlatforms) = postSolution
		{74B19C3B-8D25-401C-BF1D-22B812DD6A03}.Debug|Any CPU.ActiveCfg = Debug|Any CPU
		{74B19C3B-8D25-401C-BF1D-22B812DD6A03}.Debug|Any CPU.Build.0 = Debug|Any CPU
		{74B19C3B-8D25-401C-BF1D-22B812DD6A03}.Release|Any CPU.ActiveCfg = Release|Any CPU
		{74B19C3B-8D25-401C-BF1D-22B812DD6A03}.Release|Any CPU.Build.0 = Release|Any CPU
		{AB7D1784-617A-43E7-852F-AD1B7407CA50}.Debug|Any CPU.ActiveCfg = Debug|Any CPU
		{AB7D1784-617A-43E7-852F-AD1B7407CA50}.Debug|Any CPU.Build.0 = Debug|Any CPU
		{AB7D1784-617A-43E7-852F-AD1B7407CA50}.Release|Any CPU.ActiveCfg = Release|Any CPU
		{AB7D1784-617A-43E7-852F-AD1B7407CA50}.Release|Any CPU.Build.0 = Release|Any CPU
		{9BB7E248-7298-420A-8DC4-F6667232C0CD}.Debug|Any CPU.ActiveCfg = Debug|Any CPU
		{9BB7E248-7298-420A-8DC4-F6667232C0CD}.Debug|Any CPU.Build.0 = Debug|Any CPU
		{9BB7E248-7298-420A-8DC4-F6667232C0CD}.Release|Any CPU.ActiveCfg = Release|Any CPU
		{9BB7E248-7298-420A-8DC4-F6667232C0CD}.Release|Any CPU.Build.0 = Release|Any CPU
		{900EBFDF-E200-46DA-A61A-D9DA1E5E239E}.Debug|Any CPU.ActiveCfg = Debug|Any CPU
		{900EBFDF-E200-46DA-A61A-D9DA1E5E239E}.Debug|Any CPU.Build.0 = Debug|Any CPU
		{900EBFDF-E200-46DA-A61A-D9DA1E5E239E}.Release|Any CPU.ActiveCfg = Release|Any CPU
		{900EBFDF-E200-46DA-A61A-D9DA1E5E239E}.Release|Any CPU.Build.0 = Release|Any CPU
		{01C1976D-9713-455A-B835-F96024CE9104}.Debug|Any CPU.ActiveCfg = Debug|Any CPU
		{01C1976D-9713-455A-B835-F96024CE9104}.Debug|Any CPU.Build.0 = Debug|Any CPU
		{01C1976D-9713-455A-B835-F96024CE9104}.Release|Any CPU.ActiveCfg = Release|Any CPU
		{01C1976D-9713-455A-B835-F96024CE9104}.Release|Any CPU.Build.0 = Release|Any CPU
		{7239A7EE-734E-4BE3-B9E5-25B98619650F}.Debug|Any CPU.ActiveCfg = Debug|Any CPU
		{7239A7EE-734E-4BE3-B9E5-25B98619650F}.Debug|Any CPU.Build.0 = Debug|Any CPU
		{7239A7EE-734E-4BE3-B9E5-25B98619650F}.Release|Any CPU.ActiveCfg = Release|Any CPU
		{7239A7EE-734E-4BE3-B9E5-25B98619650F}.Release|Any CPU.Build.0 = Release|Any CPU
	EndGlobalSection
	GlobalSection(SolutionProperties) = preSolution
		HideSolutionNode = FALSE
	EndGlobalSection
	GlobalSection(NestedProjects) = preSolution
		{5630D4E4-1F1B-4454-BAD5-AECCF041659E} = {4DBD1B5B-98C7-4FB0-9FBB-FFC006606936}
	EndGlobalSection
	GlobalSection(ExtensibilityGlobals) = postSolution
		SolutionGuid = {E55FE423-E9C9-438C-872F-11214C40038D}
	EndGlobalSection
EndGlobal
